version = 1
revision = 3
requires-python = ">=3.12"

[[package]]
name = "pynmeagps"
version = "1.0.55"
source = { registry = "https://pypi.org/simple" }
sdist = { url = "https://files.pythonhosted.org/packages/34/02/902bafbdabd16aca47ee654644c257c890170dd7eab4b0b46e39ce43e13a/pynmeagps-1.0.55.tar.gz", hash = "sha256:910a332cd3d256f1b0a4b276cf4033cd18e5e79cfcabe8903c4e67a5ed4af4a9", size = 89513, upload-time = "2025-10-16T19:19:09.657Z" }
wheels = [
    { url = "https://files.pythonhosted.org/packages/b0/db/1f6f9c177a60f84a0e89b6959dac10ed29850362f02801e21b3dd678f5bf/pynmeagps-1.0.55-py3-none-any.whl", hash = "sha256:fd6fc80b1879629f2918185abf5f0c60dbacbc1e6af116c4d82fc2d572694fec", size = 60741, upload-time = "2025-10-16T19:19:08.051Z" },
]

[[package]]
name = "pyrtcm"
version = "1.1.9"
source = { registry = "https://pypi.org/simple" }
sdist = { url = "https://files.pythonhosted.org/packages/36/07/168af19d21ddda4266f0ca1c841ed4e6d5ff9ef9c011e2468e727b82ac1b/pyrtcm-1.1.9.tar.gz", hash = "sha256:5fef7f396b64fb945c7daba105135a49a88b0e824472768b48ad3bbe95b425c3", size = 101879, upload-time = "2025-08-15T06:44:08.908Z" }
wheels = [
    { url = "https://files.pythonhosted.org/packages/8f/6a/58e3321a50bcdac09c0a7a86cdd5274550866f5be75c51a66bbb4136b5c7/pyrtcm-1.1.9-py3-none-any.whl", hash = "sha256:d0fe3a6fb2716175c583a98b52dac7c287feab8568e6e130162dc0125ae0e630", size = 43818, upload-time = "2025-08-15T06:44:07.49Z" },
]

[[package]]
name = "pyserial"
version = "3.5"
source = { registry = "https://pypi.org/simple" }
sdist = { url = "https://files.pythonhosted.org/packages/1e/7d/ae3f0a63f41e4d2f6cb66a5b57197850f919f59e558159a4dd3a818f5082/pyserial-3.5.tar.gz", hash = "sha256:3c77e014170dfffbd816e6ffc205e9842efb10be9f58ec16d3e8675b4925cddb", size = 159125, upload-time = "2020-11-23T03:59:15.045Z" }
wheels = [
    { url = "https://files.pythonhosted.org/packages/07/bc/587a445451b253b285629263eb51c2d8e9bcea4fc97826266d186f96f558/pyserial-3.5-py2.py3-none-any.whl", hash = "sha256:c4451db6ba391ca6ca299fb3ec7bae67a5c55dde170964c7a14ceefec02f2cf0", size = 90585, upload-time = "2020-11-23T03:59:13.41Z" },
]

[[package]]
name = "pyubx2"
version = "1.2.58"
source = { registry = "https://pypi.org/simple" }
dependencies = [
    { name = "pynmeagps" },
    { name = "pyrtcm" },
]
sdist = { url = "https://files.pythonhosted.org/packages/c4/c5/f3b20685719438f81bef0338eca4507568fa0f13cff0995e1303ffb926ef/pyubx2-1.2.58.tar.gz", hash = "sha256:a3cc3fa1b4e0dedb10eeacce46b78133407bb711f46e52637580e8faf7382508", size = 156645, upload-time = "2025-10-02T07:12:50.317Z" }
wheels = [
    { url = "https://files.pythonhosted.org/packages/4d/bb/4a43be7a1e527e3bd3a73d5d9b406e9a8db20b60d061e9641ead65ff609d/pyubx2-1.2.58-py3-none-any.whl", hash = "sha256:99c5593e9909da3d45b06e094ce7c21d24b493ed717b390d4d78a51e82c4ea4b", size = 75451, upload-time = "2025-10-02T07:12:48.949Z" },
]

[[package]]
name = "types-pyserial"
version = "3.5.0.20251001"
source = { registry = "https://pypi.org/simple" }
sdist = { url = "https://files.pythonhosted.org/packages/e2/d4/7afd97ee3e2b4cf5c70e559748f3583f646ff3dbc4a65b26fc51d2aff985/types_pyserial-3.5.0.20251001.tar.gz", hash = "sha256:627a1965c4b874f8b5851dc88c60896696dfd1af0491836c77a60a633dca0ad4", size = 19848, upload-time = "2025-10-01T03:04:17.669Z" }
wheels = [
    { url = "https://files.pythonhosted.org/packages/78/4d/9437e214780de833165f52728709e8a3130015fe536d4fbb3139f7353b3f/types_pyserial-3.5.0.20251001-py3-none-any.whl", hash = "sha256:334f9f1b5c122dcc3ce6a6142e46450cc80b684032d6ad333362077f191dea23", size = 25331, upload-time = "2025-10-01T03:04:16.555Z" },
]

[[package]]
name = "vesper-controller"
version = "0.1.0"
source = { virtual = "." }
dependencies = [
    { name = "pyserial" },
    { name = "pyubx2" },
    { name = "types-pyserial" },
]

[package.metadata]
requires-dist = [
    { name = "pyserial", specifier = ">=3.5" },
    { name = "pyubx2", specifier = ">=1.2.58" },
    { name = "types-pyserial", specifier = ">=3.5.0.20251001" },
]
